// !$*UTF8*$!
{
	archiveVersion = 1;
	classes = {
	};
	objectVersion = 56;
	objects = {

/* Begin PBXBuildFile section */
		3DB687F6DF9F2A75D990A366 /* AddGoalView.swift in Sources */ = {isa = PBXBuildFile; fileRef = 901D81102199104E37F14335 /* AddGoalView.swift */; };
		5797565D3D29D574A3E8FD87 /* AddPlanView.swift in Sources */ = {isa = PBXBuildFile; fileRef = 77714C97345185D71ECD24B5 /* AddPlanView.swift */; };
		B5863C9BE4FEBCF3604320E7 /* AddWorkoutView.swift in Sources */ = {isa = PBXBuildFile; fileRef = DE7CD84CFCE3A04E7AC49AA6 /* AddWorkoutView.swift */; };
		986ADBD8895C84D9824C5716 /* AppMain.swift in Sources */ = {isa = PBXBuildFile; fileRef = A64439B3FA5F5921506A78C9 /* AppMain.swift */; };
		6B423C0A139BFE603DAF5AC4 /* Components.swift in Sources */ = {isa = PBXBuildFile; fileRef = 1283AB4665E3BC9660B2F042 /* Components.swift */; };
		3E0940A571E38700E7A9D185 /* DashboardView.swift in Sources */ = {isa = PBXBuildFile; fileRef = 98B26A15CF06DB73A74EAF29 /* DashboardView.swift */; };
		5EB1E75F5C359278E0058686 /* GoalsView.swift in Sources */ = {isa = PBXBuildFile; fileRef = 65701F3951C3A579054260DC /* GoalsView.swift */; };
		B77574016E518A9338441BE5 /* MainTabView.swift in Sources */ = {isa = PBXBuildFile; fileRef = BDCC57E4F64E11AC5DB84BC8 /* MainTabView.swift */; };
		F31A03773E8763A96B4E923F /* Models.swift in Sources */ = {isa = PBXBuildFile; fileRef = F344D9E8AF0DDD12C1E0F24A /* Models.swift */; };
		8816E3BC8FEFCF1A8BAEB3DE /* PlansView.swift in Sources */ = {isa = PBXBuildFile; fileRef = BA4CB7225FC52F3DBF6A13C0 /* PlansView.swift */; };
		81675599C3CFF4D3993CFCAA /* ProgressAnalyticsView.swift in Sources */ = {isa = PBXBuildFile; fileRef = AEAC2879CC77101805B40FFB /* ProgressAnalyticsView.swift */; };
		E15AF1E2D8B5A93DD2F5409C /* RemoteConfig.swift in Sources */ = {isa = PBXBuildFile; fileRef = BFCAC6528FCE139D3F9B8B12 /* RemoteConfig.swift */; };
		0B0945D484395C4F0F9C5C96 /* SettingsView.swift in Sources */ = {isa = PBXBuildFile; fileRef = 357DE5B074BED61AEA51603B /* SettingsView.swift */; };
		4B7905E29AFA6E0BEFED60F8 /* Theme.swift in Sources */ = {isa = PBXBuildFile; fileRef = CA0757CA335507F0EBFB03DA /* Theme.swift */; };
		C849CBA0D024ACBA2B1DD9E2 /* WorkoutTimerView.swift in Sources */ = {isa = PBXBuildFile; fileRef = D66E230431DB254BEDE7B5DA /* WorkoutTimerView.swift */; };
		1DC5A061C2BA87CC0BA85165 /* Assets.xcassets in Resources */ = {isa = PBXBuildFile; fileRef = 852F2B8F00051FEB852C95F5 /* Assets.xcassets */; };
		A3CB78E00DB693EED1C8796F /* PrivacyInfo.xcprivacy in Resources */ = {isa = PBXBuildFile; fileRef = FDD86DA5626C695F9B3C5FDC /* PrivacyInfo.xcprivacy */; };
/* End PBXBuildFile section */

/* Begin PBXFileReference section */
		845F65209D19F1E91A3C573D /* Betix.app */ = {isa = PBXFileReference; explicitFileType = wrapper.application; includeInIndex = 0; path = Betix.app; sourceTree = BUILT_PRODUCTS_DIR; };
		901D81102199104E37F14335 /* AddGoalView.swift */ = {isa = PBXFileReference; lastKnownFileType = sourcecode.swift; path = "AddGoalView.swift"; sourceTree = "<group>"; };
		77714C97345185D71ECD24B5 /* AddPlanView.swift */ = {isa = PBXFileReference; lastKnownFileType = sourcecode.swift; path = "AddPlanView.swift"; sourceTree = "<group>"; };
		DE7CD84CFCE3A04E7AC49AA6 /* AddWorkoutView.swift */ = {isa = PBXFileReference; lastKnownFileType = sourcecode.swift; path = "AddWorkoutView.swift"; sourceTree = "<group>"; };
		A64439B3FA5F5921506A78C9 /* AppMain.swift */ = {isa = PBXFileReference; lastKnownFileType = sourcecode.swift; path = "AppMain.swift"; sourceTree = "<group>"; };
		1283AB4665E3BC9660B2F042 /* Components.swift */ = {isa = PBXFileReference; lastKnownFileType = sourcecode.swift; path = "Components.swift"; sourceTree = "<group>"; };
		98B26A15CF06DB73A74EAF29 /* DashboardView.swift */ = {isa = PBXFileReference; lastKnownFileType = sourcecode.swift; path = "DashboardView.swift"; sourceTree = "<group>"; };
		65701F3951C3A579054260DC /* GoalsView.swift */ = {isa = PBXFileReference; lastKnownFileType = sourcecode.swift; path = "GoalsView.swift"; sourceTree = "<group>"; };
		BDCC57E4F64E11AC5DB84BC8 /* MainTabView.swift */ = {isa = PBXFileReference; lastKnownFileType = sourcecode.swift; path = "MainTabView.swift"; sourceTree = "<group>"; };
		F344D9E8AF0DDD12C1E0F24A /* Models.swift */ = {isa = PBXFileReference; lastKnownFileType = sourcecode.swift; path = "Models.swift"; sourceTree = "<group>"; };
		BA4CB7225FC52F3DBF6A13C0 /* PlansView.swift */ = {isa = PBXFileReference; lastKnownFileType = sourcecode.swift; path = "PlansView.swift"; sourceTree = "<group>"; };
		AEAC2879CC77101805B40FFB /* ProgressAnalyticsView.swift */ = {isa = PBXFileReference; lastKnownFileType = sourcecode.swift; path = "ProgressAnalyticsView.swift"; sourceTree = "<group>"; };
		BFCAC6528FCE139D3F9B8B12 /* RemoteConfig.swift */ = {isa = PBXFileReference; lastKnownFileType = sourcecode.swift; path = "RemoteConfig.swift"; sourceTree = "<group>"; };
		357DE5B074BED61AEA51603B /* SettingsView.swift */ = {isa = PBXFileReference; lastKnownFileType = sourcecode.swift; path = "SettingsView.swift"; sourceTree = "<group>"; };
		CA0757CA335507F0EBFB03DA /* Theme.swift */ = {isa = PBXFileReference; lastKnownFileType = sourcecode.swift; path = "Theme.swift"; sourceTree = "<group>"; };
		D66E230431DB254BEDE7B5DA /* WorkoutTimerView.swift */ = {isa = PBXFileReference; lastKnownFileType = sourcecode.swift; path = "WorkoutTimerView.swift"; sourceTree = "<group>"; };
		852F2B8F00051FEB852C95F5 /* Assets.xcassets */ = {isa = PBXFileReference; lastKnownFileType = folder.assetcatalog; path = "Assets.xcassets"; sourceTree = "<group>"; };
		FDD86DA5626C695F9B3C5FDC /* PrivacyInfo.xcprivacy */ = {isa = PBXFileReference; lastKnownFileType = text.plist.xml; path = "PrivacyInfo.xcprivacy"; sourceTree = "<group>"; };
		4C27F12027A701AC06B87EF8 /* Info.plist */ = {isa = PBXFileReference; lastKnownFileType = text.plist.xml; path = "Info.plist"; sourceTree = "<group>"; };
/* End PBXFileReference section */

/* Begin PBXFrameworksBuildPhase section */
		FE7006A0F8A8753331FC7CCD /* Frameworks */ = {
			isa = PBXFrameworksBuildPhase;
			buildActionMask = 2147483647;
			files = (
			);
			runOnlyForDeploymentPostprocessing = 0;
		};
/* End PBXFrameworksBuildPhase section */

/* Begin PBXGroup section */
		AB48CFA305015276AB5620D4 = {
			isa = PBXGroup;
			children = (
				C8A1E76B6CA46DDC89E29CCD /* App */,
				692092DE1C1C8624E142B71D /* Products */,
			);
			sourceTree = "<group>";
		};
		692092DE1C1C8624E142B71D /* Products */ = {
			isa = PBXGroup;
			children = (
				845F65209D19F1E91A3C573D /* Betix.app */,
			);
			name = Products;
			sourceTree = "<group>";
		};
		C8A1E76B6CA46DDC89E29CCD /* App */ = {
			isa = PBXGroup;
			children = (
				901D81102199104E37F14335 /* AddGoalView.swift */,
				77714C97345185D71ECD24B5 /* AddPlanView.swift */,
				DE7CD84CFCE3A04E7AC49AA6 /* AddWorkoutView.swift */,
				A64439B3FA5F5921506A78C9 /* AppMain.swift */,
				1283AB4665E3BC9660B2F042 /* Components.swift */,
				98B26A15CF06DB73A74EAF29 /* DashboardView.swift */,
				65701F3951C3A579054260DC /* GoalsView.swift */,
				BDCC57E4F64E11AC5DB84BC8 /* MainTabView.swift */,
				F344D9E8AF0DDD12C1E0F24A /* Models.swift */,
				BA4CB7225FC52F3DBF6A13C0 /* PlansView.swift */,
				AEAC2879CC77101805B40FFB /* ProgressAnalyticsView.swift */,
				BFCAC6528FCE139D3F9B8B12 /* RemoteConfig.swift */,
				357DE5B074BED61AEA51603B /* SettingsView.swift */,
				CA0757CA335507F0EBFB03DA /* Theme.swift */,
				D66E230431DB254BEDE7B5DA /* WorkoutTimerView.swift */,
				852F2B8F00051FEB852C95F5 /* Assets.xcassets */,
				FDD86DA5626C695F9B3C5FDC /* PrivacyInfo.xcprivacy */,
				4C27F12027A701AC06B87EF8 /* Info.plist */,
			);
			path = App;
			sourceTree = "<group>";
		};
/* End PBXGroup section */

/* Begin PBXNativeTarget section */
		0E8A3AD980EC179856012B7E /* Betix */ = {
			isa = PBXNativeTarget;
			buildConfigurationList = 3CC201F9AC800BDE2716E489 /* Build configuration list for PBXNativeTarget "Betix" */;
			buildPhases = (
				9E199EDCB17B4C967EDEA5CE /* Sources */,
				FE7006A0F8A8753331FC7CCD /* Frameworks */,
				AB2660E5E1235C14F8623B10 /* Resources */,
			);
			buildRules = (
			);
			dependencies = (
			);
			name = Betix;
			productName = Betix;
			productReference = 845F65209D19F1E91A3C573D /* Betix.app */;
			productType = "com.apple.product-type.application";
		};
/* End PBXNativeTarget section */

/* Begin PBXProject section */
		98F54143AB4E86B28C3AFEE0 /* Project object */ = {
			isa = PBXProject;
			attributes = {
				BuildIndependentTargetsInParallel = 1;
				LastSwiftUpdateCheck = 1600;
				LastUpgradeCheck = 1600;
				TargetAttributes = {
					0E8A3AD980EC179856012B7E = {
						CreatedOnToolsVersion = 16.0;
					};
				};
			};
			buildConfigurationList = 6351CA98AB1CD103101D32B1 /* Build configuration list for PBXProject "App" */;
			compatibilityVersion = "Xcode 14.0";
			developmentRegion = en;
			hasScannedForEncodings = 0;
			knownRegions = (
				en,
				Base,
			);
			mainGroup = AB48CFA305015276AB5620D4;
			productRefGroup = 692092DE1C1C8624E142B71D /* Products */;
			projectDirPath = "";
			projectRoot = "";
			targets = (
				0E8A3AD980EC179856012B7E /* Betix */,
			);
		};
/* End PBXProject section */

/* Begin PBXResourcesBuildPhase section */
		AB2660E5E1235C14F8623B10 /* Resources */ = {
			isa = PBXResourcesBuildPhase;
			buildActionMask = 2147483647;
			files = (
				1DC5A061C2BA87CC0BA85165 /* Assets.xcassets in Resources */,
				A3CB78E00DB693EED1C8796F /* PrivacyInfo.xcprivacy in Resources */,
			);
			runOnlyForDeploymentPostprocessing = 0;
		};
/* End PBXResourcesBuildPhase section */

/* Begin PBXSourcesBuildPhase section */
		9E199EDCB17B4C967EDEA5CE /* Sources */ = {
			isa = PBXSourcesBuildPhase;
			buildActionMask = 2147483647;
			files = (
				3DB687F6DF9F2A75D990A366 /* AddGoalView.swift in Sources */,
				5797565D3D29D574A3E8FD87 /* AddPlanView.swift in Sources */,
				B5863C9BE4FEBCF3604320E7 /* AddWorkoutView.swift in Sources */,
				986ADBD8895C84D9824C5716 /* AppMain.swift in Sources */,
				6B423C0A139BFE603DAF5AC4 /* Components.swift in Sources */,
				3E0940A571E38700E7A9D185 /* DashboardView.swift in Sources */,
				5EB1E75F5C359278E0058686 /* GoalsView.swift in Sources */,
				B77574016E518A9338441BE5 /* MainTabView.swift in Sources */,
				F31A03773E8763A96B4E923F /* Models.swift in Sources */,
				8816E3BC8FEFCF1A8BAEB3DE /* PlansView.swift in Sources */,
				81675599C3CFF4D3993CFCAA /* ProgressAnalyticsView.swift in Sources */,
				E15AF1E2D8B5A93DD2F5409C /* RemoteConfig.swift in Sources */,
				0B0945D484395C4F0F9C5C96 /* SettingsView.swift in Sources */,
				4B7905E29AFA6E0BEFED60F8 /* Theme.swift in Sources */,
				C849CBA0D024ACBA2B1DD9E2 /* WorkoutTimerView.swift in Sources */,
			);
			runOnlyForDeploymentPostprocessing = 0;
		};
/* End PBXSourcesBuildPhase section */

/* Begin XCBuildConfiguration section */
		8B9E93E00F6A46CBC1A26C4B /* Debug */ = {
			isa = XCBuildConfiguration;
			buildSettings = {
				ALWAYS_SEARCH_USER_PATHS = NO;
				ASSETCATALOG_COMPILER_GENERATE_SWIFT_ASSET_SYMBOL_EXTENSIONS = YES;
				CLANG_ANALYZER_NONNULL = YES;
				CLANG_ANALYZER_NUMBER_OBJECT_CONVERSION = YES_AGGRESSIVE;
				CLANG_CXX_LANGUAGE_STANDARD = "gnu++20";
				CLANG_ENABLE_MODULES = YES;
				CLANG_ENABLE_OBJC_ARC = YES;
				CLANG_ENABLE_OBJC_WEAK = YES;
				CLANG_WARN_BOOL_CONVERSION = YES;
				CLANG_WARN_COMMA = YES;
				CLANG_WARN_CONSTANT_CONVERSION = YES;
				CLANG_WARN_DEPRECATED_OBJC_IMPLEMENTATIONS = YES;
				CLANG_WARN_DIRECT_OBJC_ISA_USAGE = YES_ERROR;
				CLANG_WARN_DOCUMENTATION_COMMENTS = YES;
				CLANG_WARN_EMPTY_BODY = YES;
				CLANG_WARN_ENUM_CONVERSION = YES;
				CLANG_WARN_INFINITE_RECURSION = YES;
				CLANG_WARN_INT_CONVERSION = YES;
				CLANG_WARN_NON_LITERAL_NULL_CONVERSION = YES;
				CLANG_WARN_OBJC_IMPLICIT_RETAIN_SELF = YES;
				CLANG_WARN_OBJC_LITERAL_CONVERSION = YES;
				CLANG_WARN_OBJC_ROOT_CLASS = YES_ERROR;
				CLANG_WARN_QUOTED_INCLUDE_IN_FRAMEWORK_HEADER = YES;
				CLANG_WARN_RANGE_LOOP_ANALYSIS = YES;
				CLANG_WARN_STRICT_PROTOTYPES = YES;
				CLANG_WARN_SUSPICIOUS_MOVE = YES;
				CLANG_WARN_UNGUARDED_AVAILABILITY = YES_AGGRESSIVE;
				CLANG_WARN_UNREACHABLE_CODE = YES;
				CLANG_WARN__DUPLICATE_METHOD_MATCH = YES;
				COPY_PHASE_STRIP = NO;
				ENABLE_STRICT_OBJC_MSGSEND = YES;
				ENABLE_USER_SCRIPT_SANDBOXING = YES;
				GCC_C_LANGUAGE_STANDARD = gnu17;
				GCC_NO_COMMON_BLOCKS = YES;
				GCC_WARN_64_TO_32_BIT_CONVERSION = YES;
				GCC_WARN_ABOUT_RETURN_TYPE = YES_ERROR;
				GCC_WARN_UNDECLARED_SELECTOR = YES;
				GCC_WARN_UNINITIALIZED_AUTOS = YES_AGGRESSIVE;
				GCC_WARN_UNUSED_FUNCTION = YES;
				GCC_WARN_UNUSED_VARIABLE = YES;
				IPHONEOS_DEPLOYMENT_TARGET = 17.0;
				LOCALIZATION_PREFERS_STRING_CATALOGS = YES;
				MTL_FAST_MATH = YES;
				SDKROOT = iphoneos;
				DEBUG_INFORMATION_FORMAT = dwarf;
				ENABLE_TESTABILITY = YES;
				GCC_DYNAMIC_NO_PIC = NO;
				GCC_OPTIMIZATION_LEVEL = 0;
				GCC_PREPROCESSOR_DEFINITIONS = (
					"DEBUG=1",
					"$(inherited)",
				);
				MTL_ENABLE_DEBUG_INFO = INCLUDE_SOURCE;
				ONLY_ACTIVE_ARCH = YES;
				SWIFT_ACTIVE_COMPILATION_CONDITIONS = "DEBUG $(inherited)";
				SWIFT_OPTIMIZATION_LEVEL = "-Onone";
				VALIDATE_PRODUCT = NO;
			};
			name = Debug;
		};
		088365CD806B61EFAE691729 /* Release */ = {
			isa = XCBuildConfiguration;
			buildSettings = {
				ALWAYS_SEARCH_USER_PATHS = NO;
				ASSETCATALOG_COMPILER_GENERATE_SWIFT_ASSET_SYMBOL_EXTENSIONS = YES;
				CLANG_ANALYZER_NONNULL = YES;
				CLANG_ANALYZER_NUMBER_OBJECT_CONVERSION = YES_AGGRESSIVE;
				CLANG_CXX_LANGUAGE_STANDARD = "gnu++20";
				CLANG_ENABLE_MODULES = YES;
				CLANG_ENABLE_OBJC_ARC = YES;
				CLANG_ENABLE_OBJC_WEAK = YES;
				CLANG_WARN_BOOL_CONVERSION = YES;
				CLANG_WARN_COMMA = YES;
				CLANG_WARN_CONSTANT_CONVERSION = YES;
				CLANG_WARN_DEPRECATED_OBJC_IMPLEMENTATIONS = YES;
				CLANG_WARN_DIRECT_OBJC_ISA_USAGE = YES_ERROR;
				CLANG_WARN_DOCUMENTATION_COMMENTS = YES;
				CLANG_WARN_EMPTY_BODY = YES;
				CLANG_WARN_ENUM_CONVERSION = YES;
				CLANG_WARN_INFINITE_RECURSION = YES;
				CLANG_WARN_INT_CONVERSION = YES;
				CLANG_WARN_NON_LITERAL_NULL_CONVERSION = YES;
				CLANG_WARN_OBJC_IMPLICIT_RETAIN_SELF = YES;
				CLANG_WARN_OBJC_LITERAL_CONVERSION = YES;
				CLANG_WARN_OBJC_ROOT_CLASS = YES_ERROR;
				CLANG_WARN_QUOTED_INCLUDE_IN_FRAMEWORK_HEADER = YES;
				CLANG_WARN_RANGE_LOOP_ANALYSIS = YES;
				CLANG_WARN_STRICT_PROTOTYPES = YES;
				CLANG_WARN_SUSPICIOUS_MOVE = YES;
				CLANG_WARN_UNGUARDED_AVAILABILITY = YES_AGGRESSIVE;
				CLANG_WARN_UNREACHABLE_CODE = YES;
				CLANG_WARN__DUPLICATE_METHOD_MATCH = YES;
				COPY_PHASE_STRIP = NO;
				ENABLE_STRICT_OBJC_MSGSEND = YES;
				ENABLE_USER_SCRIPT_SANDBOXING = YES;
				GCC_C_LANGUAGE_STANDARD = gnu17;
				GCC_NO_COMMON_BLOCKS = YES;
				GCC_WARN_64_TO_32_BIT_CONVERSION = YES;
				GCC_WARN_ABOUT_RETURN_TYPE = YES_ERROR;
				GCC_WARN_UNDECLARED_SELECTOR = YES;
				GCC_WARN_UNINITIALIZED_AUTOS = YES_AGGRESSIVE;
				GCC_WARN_UNUSED_FUNCTION = YES;
				GCC_WARN_UNUSED_VARIABLE = YES;
				IPHONEOS_DEPLOYMENT_TARGET = 17.0;
				LOCALIZATION_PREFERS_STRING_CATALOGS = YES;
				MTL_FAST_MATH = YES;
				SDKROOT = iphoneos;
				DEBUG_INFORMATION_FORMAT = "dwarf-with-dsym";
				ENABLE_NS_ASSERTIONS = NO;
				MTL_ENABLE_DEBUG_INFO = NO;
				SWIFT_COMPILATION_MODE = wholemodule;
				VALIDATE_PRODUCT = YES;
			};
			name = Release;
		};
		479B83697E2DB78C9509FF26 /* Debug */ = {
			isa = XCBuildConfiguration;
			buildSettings = {
				ASSETCATALOG_COMPILER_APPICON_NAME = AppIcon;
				ASSETCATALOG_COMPILER_GLOBAL_ACCENT_COLOR_NAME = AccentColor;
				CODE_SIGN_STYLE = Automatic;
				CURRENT_PROJECT_VERSION = 1;
				ENABLE_PREVIEWS = YES;
				GENERATE_INFOPLIST_FILE = NO;
				INFOPLIST_FILE = App/Info.plist;
				"INFOPLIST_KEY_UILaunchScreen_Generation[sdk=iphoneos*]" = YES;
				"INFOPLIST_KEY_UILaunchScreen_Generation[sdk=iphonesimulator*]" = YES;
				IPHONEOS_DEPLOYMENT_TARGET = 17.0;
				LD_RUNPATH_SEARCH_PATHS = (
					"$(inherited)",
					"@executable_path/Frameworks",
				);
				MARKETING_VERSION = 1.0.0;
				PRODUCT_BUNDLE_IDENTIFIER = com.betix.sportstrainings;
				PRODUCT_NAME = "$(TARGET_NAME)";
				SWIFT_EMIT_LOC_STRINGS = YES;
				SWIFT_VERSION = 5.9;
				TARGETED_DEVICE_FAMILY = "1,2";
				SWIFT_OPTIMIZATION_LEVEL = "-Onone";
			};
			name = Debug;
		};
		9682063AC0CAB62434BD8AEB /* Release */ = {
			isa = XCBuildConfiguration;
			buildSettings = {
				ASSETCATALOG_COMPILER_APPICON_NAME = AppIcon;
				ASSETCATALOG_COMPILER_GLOBAL_ACCENT_COLOR_NAME = AccentColor;
				CODE_SIGN_STYLE = Automatic;
				CURRENT_PROJECT_VERSION = 1;
				ENABLE_PREVIEWS = YES;
				GENERATE_INFOPLIST_FILE = NO;
				INFOPLIST_FILE = App/Info.plist;
				"INFOPLIST_KEY_UILaunchScreen_Generation[sdk=iphoneos*]" = YES;
				"INFOPLIST_KEY_UILaunchScreen_Generation[sdk=iphonesimulator*]" = YES;
				IPHONEOS_DEPLOYMENT_TARGET = 17.0;
				LD_RUNPATH_SEARCH_PATHS = (
					"$(inherited)",
					"@executable_path/Frameworks",
				);
				MARKETING_VERSION = 1.0.0;
				PRODUCT_BUNDLE_IDENTIFIER = com.betix.sportstrainings;
				PRODUCT_NAME = "$(TARGET_NAME)";
				SWIFT_EMIT_LOC_STRINGS = YES;
				SWIFT_VERSION = 5.9;
				TARGETED_DEVICE_FAMILY = "1,2";
			};
			name = Release;
		};
/* End XCBuildConfiguration section */

/* Begin XCConfigurationList section */
		6351CA98AB1CD103101D32B1 /* Build configuration list for PBXProject "App" */ = {
			isa = XCConfigurationList;
			buildConfigurations = (
				8B9E93E00F6A46CBC1A26C4B /* Debug */,
				088365CD806B61EFAE691729 /* Release */,
			);
			defaultConfigurationIsVisible = 0;
			defaultConfigurationName = Release;
		};
		3CC201F9AC800BDE2716E489 /* Build configuration list for PBXNativeTarget "Betix" */ = {
			isa = XCConfigurationList;
			buildConfigurations = (
				479B83697E2DB78C9509FF26 /* Debug */,
				9682063AC0CAB62434BD8AEB /* Release */,
			);
			defaultConfigurationIsVisible = 0;
			defaultConfigurationName = Release;
		};
/* End XCConfigurationList section */
	};
	rootObject = 98F54143AB4E86B28C3AFEE0 /* Project object */;
}
